
Microsoft Visual Studio Solution File, Format Version 12.00
# Visual Studio Version 17
VisualStudioVersion = 17.9.34728.123
MinimumVisualStudioVersion = 10.0.40219.1
Project("{8BC9CEB8-8B4A-11D0-8D11-00A0C91BC942}") = "Lesson 2.2", "Lesson 2.2.vcxproj", "{652A3AB4-0C02-450E-8AF7-3AAB6102BF5C}"
EndProject
Global
	GlobalSection(SolutionConfigurationPlatforms) = preSolution
		Debug|x64 = Debug|x64
		Debug|x86 = Debug|x86
		Release|x64 = Release|x64
		Release|x86 = Release|x86
	EndGlobalSection
	GlobalSection(ProjectConfigurationPlatforms) = postSolution
		{652A3AB4-0C02-450E-8AF7-3AAB6102BF5C}.Debug|x64.ActiveCfg = Debug|x64
		{652A3AB4-0C02-450E-8AF7-3AAB6102BF5C}.Debug|x64.Build.0 = Debug|x64
		{652A3AB4-0C02-450E-8AF7-3AAB6102BF5C}.Debug|x86.ActiveCfg = Debug|Win32
		{652A3AB4-0C02-450E-8AF7-3AAB6102BF5C}.Debug|x86.Build.0 = Debug|Win32
		{652A3AB4-0C02-450E-8AF7-3AAB6102BF5C}.Release|x64.ActiveCfg = Release|x64
		{652A3AB4-0C02-450E-8AF7-3AAB6102BF5C}.Release|x64.Build.0 = Release|x64
		{652A3AB4-0C02-450E-8AF7-3AAB6102BF5C}.Release|x86.ActiveCfg = Release|Win32
		{652A3AB4-0C02-450E-8AF7-3AAB6102BF5C}.Release|x86.Build.0 = Release|Win32
	EndGlobalSection
	GlobalSection(SolutionProperties) = preSolution
		HideSolutionNode = FALSE
	EndGlobalSection
	GlobalSection(ExtensibilityGlobals) = postSolution
		SolutionGuid = {3F5225DD-8E98-48C1-BAEC-41A4FBD10F67}
	EndGlobalSection
EndGlobal
